
Microsoft Visual Studio Solution File, Format Version 12.00
# Visual Studio Version 17
VisualStudioVersion = 17.8.34316.72
MinimumVisualStudioVersion = 10.0.40219.1
Project("{FAE04EC0-301F-11D3-BF4B-00C04F79EFBC}") = "api-test-rl", "api-test-rl.csproj", "{C70B53A2-E862-44EA-8CAC-A2B9BB55FE6D}"
EndProject
Global
	GlobalSection(SolutionConfigurationPlatforms) = preSolution
		Debug|Any CPU = Debug|Any CPU
		Release|Any CPU = Release|Any CPU
	EndGlobalSection
	GlobalSection(ProjectConfigurationPlatforms) = postSolution
		{C70B53A2-E862-44EA-8CAC-A2B9BB55FE6D}.Debug|Any CPU.ActiveCfg = Debug|Any CPU
		{C70B53A2-E862-44EA-8CAC-A2B9BB55FE6D}.Debug|Any CPU.Build.0 = Debug|Any CPU
		{C70B53A2-E862-44EA-8CAC-A2B9BB55FE6D}.Release|Any CPU.ActiveCfg = Release|Any CPU
		{C70B53A2-E862-44EA-8CAC-A2B9BB55FE6D}.Release|Any CPU.Build.0 = Release|Any CPU
	EndGlobalSection
	GlobalSection(SolutionProperties) = preSolution
		HideSolutionNode = FALSE
	EndGlobalSection
	GlobalSection(ExtensibilityGlobals) = postSolution
		SolutionGuid = {97577A51-9B8F-442A-972D-37D97B5B397A}
	EndGlobalSection
EndGlobal
